// !$*UTF8*$!
{
	archiveVersion = 1;
	classes = {
	};
	objectVersion = 50;
	objects = {

/* Begin PBXBuildFile section */
		173ED1CEB1558233EF678FBA /* Pods_Sample.framework in Frameworks */ = {isa = PBXBuildFile; fileRef = 9B319C2F2132681100C2304B /* Pods_Sample.framework */; };
		50CD9389058574D2309B820C /* Pods_SampleStorybook.framework in Frameworks */ = {isa = PBXBuildFile; fileRef = ECDF530F30A28823F3D9CF18 /* Pods_SampleStorybook.framework */; };
		9B319BE92132570600C2304B /* AppDelegate.swift in Sources */ = {isa = PBXBuildFile; fileRef = 9B319BE82132570600C2304B /* AppDelegate.swift */; };
		9B319BF02132570700C2304B /* Assets.xcassets in Resources */ = {isa = PBXBuildFile; fileRef = 9B319BEF2132570700C2304B /* Assets.xcassets */; };
		9B319BF32132570700C2304B /* LaunchScreen.storyboard in Resources */ = {isa = PBXBuildFile; fileRef = 9B319BF12132570700C2304B /* LaunchScreen.storyboard */; };
		9B319BFD2132580D00C2304B /* SampleNodeController.swift in Sources */ = {isa = PBXBuildFile; fileRef = 9B319BFC2132580D00C2304B /* SampleNodeController.swift */; };
		9B319BFF213258AF00C2304B /* ExampleNodeController.swift in Sources */ = {isa = PBXBuildFile; fileRef = 9B319BFE213258AF00C2304B /* ExampleNodeController.swift */; };
		9B319C01213258F000C2304B /* ACellNode.swift in Sources */ = {isa = PBXBuildFile; fileRef = 9B319C00213258F000C2304B /* ACellNode.swift */; };
		9B319C03213258F800C2304B /* BCellNode.swift in Sources */ = {isa = PBXBuildFile; fileRef = 9B319C02213258F800C2304B /* BCellNode.swift */; };
		9B319C052132590000C2304B /* CCellNode.swift in Sources */ = {isa = PBXBuildFile; fileRef = 9B319C042132590000C2304B /* CCellNode.swift */; };
		9B319C072132590700C2304B /* DCellNode.swift in Sources */ = {isa = PBXBuildFile; fileRef = 9B319C062132590700C2304B /* DCellNode.swift */; };
		9B319C0A213259F500C2304B /* String+Sample.swift in Sources */ = {isa = PBXBuildFile; fileRef = 9B319C09213259F500C2304B /* String+Sample.swift */; };
		9B319C182132636700C2304B /* ACellNode.swift in Sources */ = {isa = PBXBuildFile; fileRef = 9B319C00213258F000C2304B /* ACellNode.swift */; };
		9B319C192132636700C2304B /* SampleStorybook.swift in Sources */ = {isa = PBXBuildFile; fileRef = 9B319C112132610100C2304B /* SampleStorybook.swift */; };
		9B319C1A2132636700C2304B /* String+Sample.swift in Sources */ = {isa = PBXBuildFile; fileRef = 9B319C09213259F500C2304B /* String+Sample.swift */; };
		9B319C1B2132636700C2304B /* DCellNode.swift in Sources */ = {isa = PBXBuildFile; fileRef = 9B319C062132590700C2304B /* DCellNode.swift */; };
		9B319C1D2132636700C2304B /* BCellNode.swift in Sources */ = {isa = PBXBuildFile; fileRef = 9B319C02213258F800C2304B /* BCellNode.swift */; };
		9B319C1E2132636700C2304B /* ExampleStorybook.swift in Sources */ = {isa = PBXBuildFile; fileRef = 9B319C0F213260F600C2304B /* ExampleStorybook.swift */; };
		9B319C202132636700C2304B /* CCellNode.swift in Sources */ = {isa = PBXBuildFile; fileRef = 9B319C042132590000C2304B /* CCellNode.swift */; };
		9B319C242132636700C2304B /* LaunchScreen.storyboard in Resources */ = {isa = PBXBuildFile; fileRef = 9B319BF12132570700C2304B /* LaunchScreen.storyboard */; };
		9B319C252132636700C2304B /* Assets.xcassets in Resources */ = {isa = PBXBuildFile; fileRef = 9B319BEF2132570700C2304B /* Assets.xcassets */; };
		9B319C2E2132639300C2304B /* SampleStorybookAppDelegate.swift in Sources */ = {isa = PBXBuildFile; fileRef = 9B319C0C21325EF100C2304B /* SampleStorybookAppDelegate.swift */; };
		9B319C3221326BAE00C2304B /* ProfileNode.swift in Sources */ = {isa = PBXBuildFile; fileRef = 9B319C3121326BAE00C2304B /* ProfileNode.swift */; };
		9B319C3321326CA000C2304B /* ProfileNode.swift in Sources */ = {isa = PBXBuildFile; fileRef = 9B319C3121326BAE00C2304B /* ProfileNode.swift */; };
		9B319C3521326D2300C2304B /* SampleStorybook-Info.plist in Resources */ = {isa = PBXBuildFile; fileRef = 9B319C3421326D2300C2304B /* SampleStorybook-Info.plist */; };
		9B319C3721326D4700C2304B /* ProfileStorybook.swift in Sources */ = {isa = PBXBuildFile; fileRef = 9B319C3621326D4700C2304B /* ProfileStorybook.swift */; };
/* End PBXBuildFile section */

/* Begin PBXFileReference section */
		3B99CF4C239331E814C612BA /* Pods-SampleStorybook.debug.xcconfig */ = {isa = PBXFileReference; includeInIndex = 1; lastKnownFileType = text.xcconfig; name = "Pods-SampleStorybook.debug.xcconfig"; path = "Pods/Target Support Files/Pods-SampleStorybook/Pods-SampleStorybook.debug.xcconfig"; sourceTree = "<group>"; };
		59BAF3FE835073B0C73ED4DD /* Pods-Sample.debug.xcconfig */ = {isa = PBXFileReference; includeInIndex = 1; lastKnownFileType = text.xcconfig; name = "Pods-Sample.debug.xcconfig"; path = "Pods/Target Support Files/Pods-Sample/Pods-Sample.debug.xcconfig"; sourceTree = "<group>"; };
		791F038554CF5F4254596446 /* Pods-Sample.release.xcconfig */ = {isa = PBXFileReference; includeInIndex = 1; lastKnownFileType = text.xcconfig; name = "Pods-Sample.release.xcconfig"; path = "Pods/Target Support Files/Pods-Sample/Pods-Sample.release.xcconfig"; sourceTree = "<group>"; };
		9B319BE52132570600C2304B /* Sample.app */ = {isa = PBXFileReference; explicitFileType = wrapper.application; includeInIndex = 0; path = Sample.app; sourceTree = BUILT_PRODUCTS_DIR; };
		9B319BE82132570600C2304B /* AppDelegate.swift */ = {isa = PBXFileReference; lastKnownFileType = sourcecode.swift; path = AppDelegate.swift; sourceTree = "<group>"; };
		9B319BEF2132570700C2304B /* Assets.xcassets */ = {isa = PBXFileReference; lastKnownFileType = folder.assetcatalog; path = Assets.xcassets; sourceTree = "<group>"; };
		9B319BF22132570700C2304B /* Base */ = {isa = PBXFileReference; lastKnownFileType = file.storyboard; name = Base; path = Base.lproj/LaunchScreen.storyboard; sourceTree = "<group>"; };
		9B319BF42132570700C2304B /* Info.plist */ = {isa = PBXFileReference; lastKnownFileType = text.plist.xml; path = Info.plist; sourceTree = "<group>"; };
		9B319BFC2132580D00C2304B /* SampleNodeController.swift */ = {isa = PBXFileReference; lastKnownFileType = sourcecode.swift; path = SampleNodeController.swift; sourceTree = "<group>"; };
		9B319BFE213258AF00C2304B /* ExampleNodeController.swift */ = {isa = PBXFileReference; lastKnownFileType = sourcecode.swift; path = ExampleNodeController.swift; sourceTree = "<group>"; };
		9B319C00213258F000C2304B /* ACellNode.swift */ = {isa = PBXFileReference; lastKnownFileType = sourcecode.swift; path = ACellNode.swift; sourceTree = "<group>"; };
		9B319C02213258F800C2304B /* BCellNode.swift */ = {isa = PBXFileReference; lastKnownFileType = sourcecode.swift; path = BCellNode.swift; sourceTree = "<group>"; };
		9B319C042132590000C2304B /* CCellNode.swift */ = {isa = PBXFileReference; lastKnownFileType = sourcecode.swift; path = CCellNode.swift; sourceTree = "<group>"; };
		9B319C062132590700C2304B /* DCellNode.swift */ = {isa = PBXFileReference; lastKnownFileType = sourcecode.swift; path = DCellNode.swift; sourceTree = "<group>"; };
		9B319C09213259F500C2304B /* String+Sample.swift */ = {isa = PBXFileReference; lastKnownFileType = sourcecode.swift; path = "String+Sample.swift"; sourceTree = "<group>"; };
		9B319C0C21325EF100C2304B /* SampleStorybookAppDelegate.swift */ = {isa = PBXFileReference; lastKnownFileType = sourcecode.swift; path = SampleStorybookAppDelegate.swift; sourceTree = "<group>"; };
		9B319C0F213260F600C2304B /* ExampleStorybook.swift */ = {isa = PBXFileReference; lastKnownFileType = sourcecode.swift; path = ExampleStorybook.swift; sourceTree = "<group>"; };
		9B319C112132610100C2304B /* SampleStorybook.swift */ = {isa = PBXFileReference; lastKnownFileType = sourcecode.swift; path = SampleStorybook.swift; sourceTree = "<group>"; };
		9B319C2A2132636700C2304B /* SampleStorybook.app */ = {isa = PBXFileReference; explicitFileType = wrapper.application; includeInIndex = 0; path = SampleStorybook.app; sourceTree = BUILT_PRODUCTS_DIR; };
		9B319C2F2132681100C2304B /* Pods_Sample.framework */ = {isa = PBXFileReference; explicitFileType = wrapper.framework; path = Pods_Sample.framework; sourceTree = BUILT_PRODUCTS_DIR; };
		9B319C3121326BAE00C2304B /* ProfileNode.swift */ = {isa = PBXFileReference; lastKnownFileType = sourcecode.swift; path = ProfileNode.swift; sourceTree = "<group>"; };
		9B319C3421326D2300C2304B /* SampleStorybook-Info.plist */ = {isa = PBXFileReference; fileEncoding = 4; lastKnownFileType = text.plist.xml; path = "SampleStorybook-Info.plist"; sourceTree = "<group>"; };
		9B319C3621326D4700C2304B /* ProfileStorybook.swift */ = {isa = PBXFileReference; lastKnownFileType = sourcecode.swift; path = ProfileStorybook.swift; sourceTree = "<group>"; };
		B9A85D817AC42C69DEE8901E /* Pods_Sample.framework */ = {isa = PBXFileReference; explicitFileType = wrapper.framework; includeInIndex = 0; path = Pods_Sample.framework; sourceTree = BUILT_PRODUCTS_DIR; };
		E1309A5F2A4D5A27F25755FD /* Pods-SampleStorybook.release.xcconfig */ = {isa = PBXFileReference; includeInIndex = 1; lastKnownFileType = text.xcconfig; name = "Pods-SampleStorybook.release.xcconfig"; path = "Pods/Target Support Files/Pods-SampleStorybook/Pods-SampleStorybook.release.xcconfig"; sourceTree = "<group>"; };
		ECDF530F30A28823F3D9CF18 /* Pods_SampleStorybook.framework */ = {isa = PBXFileReference; explicitFileType = wrapper.framework; includeInIndex = 0; path = Pods_SampleStorybook.framework; sourceTree = BUILT_PRODUCTS_DIR; };
/* End PBXFileReference section */

/* Begin PBXFrameworksBuildPhase section */
		9B319BE22132570600C2304B /* Frameworks */ = {
			isa = PBXFrameworksBuildPhase;
			buildActionMask = 2147483647;
			files = (
				173ED1CEB1558233EF678FBA /* Pods_Sample.framework in Frameworks */,
			);
			runOnlyForDeploymentPostprocessing = 0;
		};
		9B319C212132636700C2304B /* Frameworks */ = {
			isa = PBXFrameworksBuildPhase;
			buildActionMask = 2147483647;
			files = (
				50CD9389058574D2309B820C /* Pods_SampleStorybook.framework in Frameworks */,
			);
			runOnlyForDeploymentPostprocessing = 0;
		};
/* End PBXFrameworksBuildPhase section */

/* Begin PBXGroup section */
		9B319BDC2132570600C2304B = {
			isa = PBXGroup;
			children = (
				9B319C0B21325ED000C2304B /* SampleStorybook */,
				9B319BE72132570600C2304B /* Sample */,
				9B319BE62132570600C2304B /* Products */,
				C8CE83BE3C2B32B871EE35C9 /* Pods */,
				B3EEE79D1B0F187C11DF320E /* Frameworks */,
			);
			sourceTree = "<group>";
		};
		9B319BE62132570600C2304B /* Products */ = {
			isa = PBXGroup;
			children = (
				9B319BE52132570600C2304B /* Sample.app */,
				9B319C2A2132636700C2304B /* SampleStorybook.app */,
			);
			name = Products;
			sourceTree = "<group>";
		};
		9B319BE72132570600C2304B /* Sample */ = {
			isa = PBXGroup;
			children = (
				9B319C08213259E600C2304B /* Extensions */,
				9B319BFB2132580500C2304B /* Nodes */,
				9B319BFA213257FE00C2304B /* Controllers */,
				9B319BE82132570600C2304B /* AppDelegate.swift */,
				9B319BEF2132570700C2304B /* Assets.xcassets */,
				9B319BF12132570700C2304B /* LaunchScreen.storyboard */,
				9B319BF42132570700C2304B /* Info.plist */,
			);
			path = Sample;
			sourceTree = "<group>";
		};
		9B319BFA213257FE00C2304B /* Controllers */ = {
			isa = PBXGroup;
			children = (
				9B319BFC2132580D00C2304B /* SampleNodeController.swift */,
				9B319BFE213258AF00C2304B /* ExampleNodeController.swift */,
			);
			path = Controllers;
			sourceTree = "<group>";
		};
		9B319BFB2132580500C2304B /* Nodes */ = {
			isa = PBXGroup;
			children = (
				9B319C00213258F000C2304B /* ACellNode.swift */,
				9B319C02213258F800C2304B /* BCellNode.swift */,
				9B319C042132590000C2304B /* CCellNode.swift */,
				9B319C062132590700C2304B /* DCellNode.swift */,
				9B319C3121326BAE00C2304B /* ProfileNode.swift */,
			);
			path = Nodes;
			sourceTree = "<group>";
		};
		9B319C08213259E600C2304B /* Extensions */ = {
			isa = PBXGroup;
			children = (
				9B319C09213259F500C2304B /* String+Sample.swift */,
			);
			path = Extensions;
			sourceTree = "<group>";
		};
		9B319C0B21325ED000C2304B /* SampleStorybook */ = {
			isa = PBXGroup;
			children = (
				9B319C3421326D2300C2304B /* SampleStorybook-Info.plist */,
				9B319C0C21325EF100C2304B /* SampleStorybookAppDelegate.swift */,
				9B319C0F213260F600C2304B /* ExampleStorybook.swift */,
				9B319C112132610100C2304B /* SampleStorybook.swift */,
				9B319C3621326D4700C2304B /* ProfileStorybook.swift */,
			);
			path = SampleStorybook;
			sourceTree = "<group>";
		};
		B3EEE79D1B0F187C11DF320E /* Frameworks */ = {
			isa = PBXGroup;
			children = (
				9B319C2F2132681100C2304B /* Pods_Sample.framework */,
				B9A85D817AC42C69DEE8901E /* Pods_Sample.framework */,
				ECDF530F30A28823F3D9CF18 /* Pods_SampleStorybook.framework */,
			);
			name = Frameworks;
			sourceTree = "<group>";
		};
		C8CE83BE3C2B32B871EE35C9 /* Pods */ = {
			isa = PBXGroup;
			children = (
				59BAF3FE835073B0C73ED4DD /* Pods-Sample.debug.xcconfig */,
				791F038554CF5F4254596446 /* Pods-Sample.release.xcconfig */,
				3B99CF4C239331E814C612BA /* Pods-SampleStorybook.debug.xcconfig */,
				E1309A5F2A4D5A27F25755FD /* Pods-SampleStorybook.release.xcconfig */,
			);
			name = Pods;
			sourceTree = "<group>";
		};
/* End PBXGroup section */

/* Begin PBXNativeTarget section */
		9B319BE42132570600C2304B /* Sample */ = {
			isa = PBXNativeTarget;
			buildConfigurationList = 9B319BF72132570700C2304B /* Build configuration list for PBXNativeTarget "Sample" */;
			buildPhases = (
				4C5D54AABFAF39797FBC4109 /* [CP] Check Pods Manifest.lock */,
				9B319BE12132570600C2304B /* Sources */,
				9B319BE22132570600C2304B /* Frameworks */,
				9B319BE32132570600C2304B /* Resources */,
				42B2F5C3C32BD539F310F695 /* [CP] Embed Pods Frameworks */,
			);
			buildRules = (
			);
			dependencies = (
			);
			name = Sample;
			productName = Sample;
			productReference = 9B319BE52132570600C2304B /* Sample.app */;
			productType = "com.apple.product-type.application";
		};
		9B319C142132636700C2304B /* SampleStorybook */ = {
			isa = PBXNativeTarget;
			buildConfigurationList = 9B319C272132636700C2304B /* Build configuration list for PBXNativeTarget "SampleStorybook" */;
			buildPhases = (
				4E171DA506261FEC17BE7E85 /* [CP] Check Pods Manifest.lock */,
				9B319C162132636700C2304B /* Sources */,
				9B319C212132636700C2304B /* Frameworks */,
				9B319C232132636700C2304B /* Resources */,
				BB5517F36635DE5A2449ACDC /* [CP] Embed Pods Frameworks */,
			);
			buildRules = (
			);
			dependencies = (
			);
			name = SampleStorybook;
			productName = Sample;
			productReference = 9B319C2A2132636700C2304B /* SampleStorybook.app */;
			productType = "com.apple.product-type.application";
		};
/* End PBXNativeTarget section */

/* Begin PBXProject section */
		9B319BDD2132570600C2304B /* Project object */ = {
			isa = PBXProject;
			attributes = {
				LastSwiftUpdateCheck = 0940;
				LastUpgradeCheck = 0940;
				ORGANIZATIONNAME = Geektree0101;
				TargetAttributes = {
					9B319BE42132570600C2304B = {
						CreatedOnToolsVersion = 9.4.1;
					};
				};
			};
			buildConfigurationList = 9B319BE02132570600C2304B /* Build configuration list for PBXProject "Sample" */;
			compatibilityVersion = "Xcode 9.3";
			developmentRegion = en;
			hasScannedForEncodings = 0;
			knownRegions = (
				en,
				Base,
			);
			mainGroup = 9B319BDC2132570600C2304B;
			productRefGroup = 9B319BE62132570600C2304B /* Products */;
			projectDirPath = "";
			projectRoot = "";
			targets = (
				9B319BE42132570600C2304B /* Sample */,
				9B319C142132636700C2304B /* SampleStorybook */,
			);
		};
/* End PBXProject section */

/* Begin PBXResourcesBuildPhase section */
		9B319BE32132570600C2304B /* Resources */ = {
			isa = PBXResourcesBuildPhase;
			buildActionMask = 2147483647;
			files = (
				9B319BF32132570700C2304B /* LaunchScreen.storyboard in Resources */,
				9B319BF02132570700C2304B /* Assets.xcassets in Resources */,
			);
			runOnlyForDeploymentPostprocessing = 0;
		};
		9B319C232132636700C2304B /* Resources */ = {
			isa = PBXResourcesBuildPhase;
			buildActionMask = 2147483647;
			files = (
				9B319C242132636700C2304B /* LaunchScreen.storyboard in Resources */,
				9B319C252132636700C2304B /* Assets.xcassets in Resources */,
				9B319C3521326D2300C2304B /* SampleStorybook-Info.plist in Resources */,
			);
			runOnlyForDeploymentPostprocessing = 0;
		};
/* End PBXResourcesBuildPhase section */

/* Begin PBXShellScriptBuildPhase section */
		42B2F5C3C32BD539F310F695 /* [CP] Embed Pods Frameworks */ = {
			isa = PBXShellScriptBuildPhase;
			buildActionMask = 2147483647;
			files = (
			);
			inputPaths = (
				"${SRCROOT}/Pods/Target Support Files/Pods-Sample/Pods-Sample-frameworks.sh",
				"${BUILT_PRODUCTS_DIR}/PINCache/PINCache.framework",
				"${BUILT_PRODUCTS_DIR}/PINOperation/PINOperation.framework",
				"${BUILT_PRODUCTS_DIR}/PINRemoteImage/PINRemoteImage.framework",
				"${BUILT_PRODUCTS_DIR}/Texture/AsyncDisplayKit.framework",
			);
			name = "[CP] Embed Pods Frameworks";
			outputPaths = (
				"${TARGET_BUILD_DIR}/${FRAMEWORKS_FOLDER_PATH}/PINCache.framework",
				"${TARGET_BUILD_DIR}/${FRAMEWORKS_FOLDER_PATH}/PINOperation.framework",
				"${TARGET_BUILD_DIR}/${FRAMEWORKS_FOLDER_PATH}/PINRemoteImage.framework",
				"${TARGET_BUILD_DIR}/${FRAMEWORKS_FOLDER_PATH}/AsyncDisplayKit.framework",
			);
			runOnlyForDeploymentPostprocessing = 0;
			shellPath = /bin/sh;
			shellScript = "\"${SRCROOT}/Pods/Target Support Files/Pods-Sample/Pods-Sample-frameworks.sh\"\n";
			showEnvVarsInLog = 0;
		};
		4C5D54AABFAF39797FBC4109 /* [CP] Check Pods Manifest.lock */ = {
			isa = PBXShellScriptBuildPhase;
			buildActionMask = 2147483647;
			files = (
			);
			inputPaths = (
				"${PODS_PODFILE_DIR_PATH}/Podfile.lock",
				"${PODS_ROOT}/Manifest.lock",
			);
			name = "[CP] Check Pods Manifest.lock";
			outputPaths = (
				"$(DERIVED_FILE_DIR)/Pods-Sample-checkManifestLockResult.txt",
			);
			runOnlyForDeploymentPostprocessing = 0;
			shellPath = /bin/sh;
			shellScript = "diff \"${PODS_PODFILE_DIR_PATH}/Podfile.lock\" \"${PODS_ROOT}/Manifest.lock\" > /dev/null\nif [ $? != 0 ] ; then\n    # print error to STDERR\n    echo \"error: The sandbox is not in sync with the Podfile.lock. Run 'pod install' or update your CocoaPods installation.\" >&2\n    exit 1\nfi\n# This output is used by Xcode 'outputs' to avoid re-running this script phase.\necho \"SUCCESS\" > \"${SCRIPT_OUTPUT_FILE_0}\"\n";
			showEnvVarsInLog = 0;
		};
		4E171DA506261FEC17BE7E85 /* [CP] Check Pods Manifest.lock */ = {
			isa = PBXShellScriptBuildPhase;
			buildActionMask = 2147483647;
			files = (
			);
			inputPaths = (
				"${PODS_PODFILE_DIR_PATH}/Podfile.lock",
				"${PODS_ROOT}/Manifest.lock",
			);
			name = "[CP] Check Pods Manifest.lock";
			outputPaths = (
				"$(DERIVED_FILE_DIR)/Pods-SampleStorybook-checkManifestLockResult.txt",
			);
			runOnlyForDeploymentPostprocessing = 0;
			shellPath = /bin/sh;
			shellScript = "diff \"${PODS_PODFILE_DIR_PATH}/Podfile.lock\" \"${PODS_ROOT}/Manifest.lock\" > /dev/null\nif [ $? != 0 ] ; then\n    # print error to STDERR\n    echo \"error: The sandbox is not in sync with the Podfile.lock. Run 'pod install' or update your CocoaPods installation.\" >&2\n    exit 1\nfi\n# This output is used by Xcode 'outputs' to avoid re-running this script phase.\necho \"SUCCESS\" > \"${SCRIPT_OUTPUT_FILE_0}\"\n";
			showEnvVarsInLog = 0;
		};
		BB5517F36635DE5A2449ACDC /* [CP] Embed Pods Frameworks */ = {
			isa = PBXShellScriptBuildPhase;
			buildActionMask = 2147483647;
			files = (
			);
			inputPaths = (
				"${SRCROOT}/Pods/Target Support Files/Pods-SampleStorybook/Pods-SampleStorybook-frameworks.sh",
				"${BUILT_PRODUCTS_DIR}/PINCache/PINCache.framework",
				"${BUILT_PRODUCTS_DIR}/PINOperation/PINOperation.framework",
				"${BUILT_PRODUCTS_DIR}/PINRemoteImage/PINRemoteImage.framework",
				"${BUILT_PRODUCTS_DIR}/Texture/AsyncDisplayKit.framework",
				"${BUILT_PRODUCTS_DIR}/ASStoryBook/ASStoryBook.framework",
			);
			name = "[CP] Embed Pods Frameworks";
			outputPaths = (
				"${TARGET_BUILD_DIR}/${FRAMEWORKS_FOLDER_PATH}/PINCache.framework",
				"${TARGET_BUILD_DIR}/${FRAMEWORKS_FOLDER_PATH}/PINOperation.framework",
				"${TARGET_BUILD_DIR}/${FRAMEWORKS_FOLDER_PATH}/PINRemoteImage.framework",
				"${TARGET_BUILD_DIR}/${FRAMEWORKS_FOLDER_PATH}/AsyncDisplayKit.framework",
				"${TARGET_BUILD_DIR}/${FRAMEWORKS_FOLDER_PATH}/ASStoryBook.framework",
			);
			runOnlyForDeploymentPostprocessing = 0;
			shellPath = /bin/sh;
			shellScript = "\"${SRCROOT}/Pods/Target Support Files/Pods-SampleStorybook/Pods-SampleStorybook-frameworks.sh\"\n";
			showEnvVarsInLog = 0;
		};
/* End PBXShellScriptBuildPhase section */

/* Begin PBXSourcesBuildPhase section */
		9B319BE12132570600C2304B /* Sources */ = {
			isa = PBXSourcesBuildPhase;
			buildActionMask = 2147483647;
			files = (
				9B319BE92132570600C2304B /* AppDelegate.swift in Sources */,
				9B319C01213258F000C2304B /* ACellNode.swift in Sources */,
				9B319C3221326BAE00C2304B /* ProfileNode.swift in Sources */,
				9B319C0A213259F500C2304B /* String+Sample.swift in Sources */,
				9B319C072132590700C2304B /* DCellNode.swift in Sources */,
				9B319BFD2132580D00C2304B /* SampleNodeController.swift in Sources */,
				9B319C03213258F800C2304B /* BCellNode.swift in Sources */,
				9B319BFF213258AF00C2304B /* ExampleNodeController.swift in Sources */,
				9B319C052132590000C2304B /* CCellNode.swift in Sources */,
			);
			runOnlyForDeploymentPostprocessing = 0;
		};
		9B319C162132636700C2304B /* Sources */ = {
			isa = PBXSourcesBuildPhase;
			buildActionMask = 2147483647;
			files = (
				9B319C182132636700C2304B /* ACellNode.swift in Sources */,
				9B319C192132636700C2304B /* SampleStorybook.swift in Sources */,
				9B319C3321326CA000C2304B /* ProfileNode.swift in Sources */,
				9B319C1A2132636700C2304B /* String+Sample.swift in Sources */,
				9B319C1B2132636700C2304B /* DCellNode.swift in Sources */,
				9B319C2E2132639300C2304B /* SampleStorybookAppDelegate.swift in Sources */,
				9B319C3721326D4700C2304B /* ProfileStorybook.swift in Sources */,
				9B319C1D2132636700C2304B /* BCellNode.swift in Sources */,
				9B319C1E2132636700C2304B /* ExampleStorybook.swift in Sources */,
				9B319C202132636700C2304B /* CCellNode.swift in Sources */,
			);
			runOnlyForDeploymentPostprocessing = 0;
		};
/* End PBXSourcesBuildPhase section */

/* Begin PBXVariantGroup section */
		9B319BF12132570700C2304B /* LaunchScreen.storyboard */ = {
			isa = PBXVariantGroup;
			children = (
				9B319BF22132570700C2304B /* Base */,
			);
			name = LaunchScreen.storyboard;
			sourceTree = "<group>";
		};
/* End PBXVariantGroup section */

/* Begin XCBuildConfiguration section */
		9B319BF52132570700C2304B /* Debug */ = {
			isa = XCBuildConfiguration;
			buildSettings = {
				ALWAYS_SEARCH_USER_PATHS = NO;
				CLANG_ANALYZER_NONNULL = YES;
				CLANG_ANALYZER_NUMBER_OBJECT_CONVERSION = YES_AGGRESSIVE;
				CLANG_CXX_LANGUAGE_STANDARD = "gnu++14";
				CLANG_CXX_LIBRARY = "libc++";
				CLANG_ENABLE_MODULES = YES;
				CLANG_ENABLE_OBJC_ARC = YES;
				CLANG_ENABLE_OBJC_WEAK = YES;
				CLANG_WARN_BLOCK_CAPTURE_AUTORELEASING = YES;
				CLANG_WARN_BOOL_CONVERSION = YES;
				CLANG_WARN_COMMA = YES;
				CLANG_WARN_CONSTANT_CONVERSION = YES;
				CLANG_WARN_DEPRECATED_OBJC_IMPLEMENTATIONS = YES;
				CLANG_WARN_DIRECT_OBJC_ISA_USAGE = YES_ERROR;
				CLANG_WARN_DOCUMENTATION_COMMENTS = YES;
				CLANG_WARN_EMPTY_BODY = YES;
				CLANG_WARN_ENUM_CONVERSION = YES;
				CLANG_WARN_INFINITE_RECURSION = YES;
				CLANG_WARN_INT_CONVERSION = YES;
				CLANG_WARN_NON_LITERAL_NULL_CONVERSION = YES;
				CLANG_WARN_OBJC_IMPLICIT_RETAIN_SELF = YES;
				CLANG_WARN_OBJC_LITERAL_CONVERSION = YES;
				CLANG_WARN_OBJC_ROOT_CLASS = YES_ERROR;
				CLANG_WARN_RANGE_LOOP_ANALYSIS = YES;
				CLANG_WARN_STRICT_PROTOTYPES = YES;
				CLANG_WARN_SUSPICIOUS_MOVE = YES;
				CLANG_WARN_UNGUARDED_AVAILABILITY = YES_AGGRESSIVE;
				CLANG_WARN_UNREACHABLE_CODE = YES;
				CLANG_WARN__DUPLICATE_METHOD_MATCH = YES;
				CODE_SIGN_IDENTITY = "iPhone Developer";
				COPY_PHASE_STRIP = NO;
				DEBUG_INFORMATION_FORMAT = dwarf;
				ENABLE_STRICT_OBJC_MSGSEND = YES;
				ENABLE_TESTABILITY = YES;
				GCC_C_LANGUAGE_STANDARD = gnu11;
				GCC_DYNAMIC_NO_PIC = NO;
				GCC_NO_COMMON_BLOCKS = YES;
				GCC_OPTIMIZATION_LEVEL = 0;
				GCC_PREPROCESSOR_DEFINITIONS = (
					"DEBUG=1",
					"$(inherited)",
				);
				GCC_WARN_64_TO_32_BIT_CONVERSION = YES;
				GCC_WARN_ABOUT_RETURN_TYPE = YES_ERROR;
				GCC_WARN_UNDECLARED_SELECTOR = YES;
				GCC_WARN_UNINITIALIZED_AUTOS = YES_AGGRESSIVE;
				GCC_WARN_UNUSED_FUNCTION = YES;
				GCC_WARN_UNUSED_VARIABLE = YES;
				IPHONEOS_DEPLOYMENT_TARGET = 11.4;
				MTL_ENABLE_DEBUG_INFO = YES;
				ONLY_ACTIVE_ARCH = YES;
				SDKROOT = iphoneos;
				SWIFT_ACTIVE_COMPILATION_CONDITIONS = DEBUG;
				SWIFT_OPTIMIZATION_LEVEL = "-Onone";
			};
			name = Debug;
		};
		9B319BF62132570700C2304B /* Release */ = {
			isa = XCBuildConfiguration;
			buildSettings = {
				ALWAYS_SEARCH_USER_PATHS = NO;
				CLANG_ANALYZER_NONNULL = YES;
				CLANG_ANALYZER_NUMBER_OBJECT_CONVERSION = YES_AGGRESSIVE;
				CLANG_CXX_LANGUAGE_STANDARD = "gnu++14";
				CLANG_CXX_LIBRARY = "libc++";
				CLANG_ENABLE_MODULES = YES;
				CLANG_ENABLE_OBJC_ARC = YES;
				CLANG_ENABLE_OBJC_WEAK = YES;
				CLANG_WARN_BLOCK_CAPTURE_AUTORELEASING = YES;
				CLANG_WARN_BOOL_CONVERSION = YES;
				CLANG_WARN_COMMA = YES;
				CLANG_WARN_CONSTANT_CONVERSION = YES;
				CLANG_WARN_DEPRECATED_OBJC_IMPLEMENTATIONS = YES;
				CLANG_WARN_DIRECT_OBJC_ISA_USAGE = YES_ERROR;
				CLANG_WARN_DOCUMENTATION_COMMENTS = YES;
				CLANG_WARN_EMPTY_BODY = YES;
				CLANG_WARN_ENUM_CONVERSION = YES;
				CLANG_WARN_INFINITE_RECURSION = YES;
				CLANG_WARN_INT_CONVERSION = YES;
				CLANG_WARN_NON_LITERAL_NULL_CONVERSION = YES;
				CLANG_WARN_OBJC_IMPLICIT_RETAIN_SELF = YES;
				CLANG_WARN_OBJC_LITERAL_CONVERSION = YES;
				CLANG_WARN_OBJC_ROOT_CLASS = YES_ERROR;
				CLANG_WARN_RANGE_LOOP_ANALYSIS = YES;
				CLANG_WARN_STRICT_PROTOTYPES = YES;
				CLANG_WARN_SUSPICIOUS_MOVE = YES;
				CLANG_WARN_UNGUARDED_AVAILABILITY = YES_AGGRESSIVE;
				CLANG_WARN_UNREACHABLE_CODE = YES;
				CLANG_WARN__DUPLICATE_METHOD_MATCH = YES;
				CODE_SIGN_IDENTITY = "iPhone Developer";
				COPY_PHASE_STRIP = NO;
				DEBUG_INFORMATION_FORMAT = "dwarf-with-dsym";
				ENABLE_NS_ASSERTIONS = NO;
				ENABLE_STRICT_OBJC_MSGSEND = YES;
				GCC_C_LANGUAGE_STANDARD = gnu11;
				GCC_NO_COMMON_BLOCKS = YES;
				GCC_WARN_64_TO_32_BIT_CONVERSION = YES;
				GCC_WARN_ABOUT_RETURN_TYPE = YES_ERROR;
				GCC_WARN_UNDECLARED_SELECTOR = YES;
				GCC_WARN_UNINITIALIZED_AUTOS = YES_AGGRESSIVE;
				GCC_WARN_UNUSED_FUNCTION = YES;
				GCC_WARN_UNUSED_VARIABLE = YES;
				IPHONEOS_DEPLOYMENT_TARGET = 11.4;
				MTL_ENABLE_DEBUG_INFO = NO;
				SDKROOT = iphoneos;
				SWIFT_COMPILATION_MODE = wholemodule;
				SWIFT_OPTIMIZATION_LEVEL = "-O";
				VALIDATE_PRODUCT = YES;
			};
			name = Release;
		};
		9B319BF82132570700C2304B /* Debug */ = {
			isa = XCBuildConfiguration;
			baseConfigurationReference = 59BAF3FE835073B0C73ED4DD /* Pods-Sample.debug.xcconfig */;
			buildSettings = {
				ASSETCATALOG_COMPILER_APPICON_NAME = AppIcon;
				CODE_SIGN_STYLE = Automatic;
				DEVELOPMENT_TEAM = JTEXWEH4CZ;
				INFOPLIST_FILE = Sample/Info.plist;
				LD_RUNPATH_SEARCH_PATHS = (
					"$(inherited)",
					"@executable_path/Frameworks",
				);
				PRODUCT_BUNDLE_IDENTIFIER = Geektree0101.Sample;
				PRODUCT_NAME = "$(TARGET_NAME)";
				SWIFT_VERSION = 4.0;
				TARGETED_DEVICE_FAMILY = "1,2";
			};
			name = Debug;
		};
		9B319BF92132570700C2304B /* Release */ = {
			isa = XCBuildConfiguration;
			baseConfigurationReference = 791F038554CF5F4254596446 /* Pods-Sample.release.xcconfig */;
			buildSettings = {
				ASSETCATALOG_COMPILER_APPICON_NAME = AppIcon;
				CODE_SIGN_STYLE = Automatic;
				DEVELOPMENT_TEAM = JTEXWEH4CZ;
				INFOPLIST_FILE = Sample/Info.plist;
				LD_RUNPATH_SEARCH_PATHS = (
					"$(inherited)",
					"@executable_path/Frameworks",
				);
				PRODUCT_BUNDLE_IDENTIFIER = Geektree0101.Sample;
				PRODUCT_NAME = "$(TARGET_NAME)";
				SWIFT_VERSION = 4.0;
				TARGETED_DEVICE_FAMILY = "1,2";
			};
			name = Release;
		};
		9B319C282132636700C2304B /* Debug */ = {
			isa = XCBuildConfiguration;
			baseConfigurationReference = 3B99CF4C239331E814C612BA /* Pods-SampleStorybook.debug.xcconfig */;
			buildSettings = {
				ASSETCATALOG_COMPILER_APPICON_NAME = AppIcon;
				CODE_SIGN_STYLE = Automatic;
				DEVELOPMENT_TEAM = JTEXWEH4CZ;
				INFOPLIST_FILE = "$(SRCROOT)/SampleStorybook/SampleStorybook-Info.plist";
				LD_RUNPATH_SEARCH_PATHS = (
					"$(inherited)",
					"@executable_path/Frameworks",
				);
				PRODUCT_BUNDLE_IDENTIFIER = Geektree0101.Sample;
				PRODUCT_NAME = "$(TARGET_NAME)";
				SWIFT_VERSION = 4.0;
				TARGETED_DEVICE_FAMILY = "1,2";
			};
			name = Debug;
		};
		9B319C292132636700C2304B /* Release */ = {
			isa = XCBuildConfiguration;
			baseConfigurationReference = E1309A5F2A4D5A27F25755FD /* Pods-SampleStorybook.release.xcconfig */;
			buildSettings = {
				ASSETCATALOG_COMPILER_APPICON_NAME = AppIcon;
				CODE_SIGN_STYLE = Automatic;
				DEVELOPMENT_TEAM = JTEXWEH4CZ;
				INFOPLIST_FILE = "$(SRCROOT)/SampleStorybook/SampleStorybook-Info.plist";
				LD_RUNPATH_SEARCH_PATHS = (
					"$(inherited)",
					"@executable_path/Frameworks",
				);
				PRODUCT_BUNDLE_IDENTIFIER = Geektree0101.Sample;
				PRODUCT_NAME = "$(TARGET_NAME)";
				SWIFT_VERSION = 4.0;
				TARGETED_DEVICE_FAMILY = "1,2";
			};
			name = Release;
		};
/* End XCBuildConfiguration section */

/* Begin XCConfigurationList section */
		9B319BE02132570600C2304B /* Build configuration list for PBXProject "Sample" */ = {
			isa = XCConfigurationList;
			buildConfigurations = (
				9B319BF52132570700C2304B /* Debug */,
				9B319BF62132570700C2304B /* Release */,
			);
			defaultConfigurationIsVisible = 0;
			defaultConfigurationName = Release;
		};
		9B319BF72132570700C2304B /* Build configuration list for PBXNativeTarget "Sample" */ = {
			isa = XCConfigurationList;
			buildConfigurations = (
				9B319BF82132570700C2304B /* Debug */,
				9B319BF92132570700C2304B /* Release */,
			);
			defaultConfigurationIsVisible = 0;
			defaultConfigurationName = Release;
		};
		9B319C272132636700C2304B /* Build configuration list for PBXNativeTarget "SampleStorybook" */ = {
			isa = XCConfigurationList;
			buildConfigurations = (
				9B319C282132636700C2304B /* Debug */,
				9B319C292132636700C2304B /* Release */,
			);
			defaultConfigurationIsVisible = 0;
			defaultConfigurationName = Release;
		};
/* End XCConfigurationList section */
	};
	rootObject = 9B319BDD2132570600C2304B /* Project object */;
}
